Microsoft Visual Studio Solution File, Format Version 12.00
# Visual Studio 2012
Project("{FAE04EC0-301F-11D3-BF4B-00C04F79EFBC}") = "FarmSim", "FarmSim.csproj", "{DAE2F27F-AF5E-4916-A10D-282E09C4F8D9}"
EndProject
Global
	GlobalSection(SolutionConfigurationPlatforms) = preSolution
	Debug|Any CPU = Debug|Any CPU
	ExportDebug|Any CPU = ExportDebug|Any CPU
	ExportRelease|Any CPU = ExportRelease|Any CPU
	EndGlobalSection
	GlobalSection(ProjectConfigurationPlatforms) = postSolution
		{DAE2F27F-AF5E-4916-A10D-282E09C4F8D9}.Debug|Any CPU.ActiveCfg = Debug|Any CPU
		{DAE2F27F-AF5E-4916-A10D-282E09C4F8D9}.Debug|Any CPU.Build.0 = Debug|Any CPU
		{DAE2F27F-AF5E-4916-A10D-282E09C4F8D9}.ExportDebug|Any CPU.ActiveCfg = ExportDebug|Any CPU
		{DAE2F27F-AF5E-4916-A10D-282E09C4F8D9}.ExportDebug|Any CPU.Build.0 = ExportDebug|Any CPU
		{DAE2F27F-AF5E-4916-A10D-282E09C4F8D9}.ExportRelease|Any CPU.ActiveCfg = ExportRelease|Any CPU
		{DAE2F27F-AF5E-4916-A10D-282E09C4F8D9}.ExportRelease|Any CPU.Build.0 = ExportRelease|Any CPU
	EndGlobalSection
EndGlobal
